// !$*UTF8*$!
{
	archiveVersion = 1;
	classes = {
	};
	objectVersion = 46;
	objects = {

/* Begin PBXBuildFile section */
		068BDE610E9BA91561B0E10B /* OscOutboundPacketStream.cpp in Sources */ = {isa = PBXBuildFile; fileRef = 051DF19F2DEC34E9A77870BB /* OscOutboundPacketStream.cpp */; };
		18F73A2C56413A5F62F09672 /* tinyxmlerror.cpp in Sources */ = {isa = PBXBuildFile; fileRef = 28EF703D8BA48CF94C6BFCA3 /* tinyxmlerror.cpp */; };
		2CEDF18CFB8E2AB19A6BB18D /* loader.c in Sources */ = {isa = PBXBuildFile; fileRef = 88514874FC17B52675C467B1 /* loader.c */; };
		3B6FEC8F88B794C50BA1C0C8 /* audio.c in Sources */ = {isa = PBXBuildFile; fileRef = EF0C83687E251FC89D9D32D4 /* audio.c */; };
		420CA236723B88F018C68D73 /* OscPrintReceivedElements.cpp in Sources */ = {isa = PBXBuildFile; fileRef = 96C4DA854E60EF73C826C374 /* OscPrintReceivedElements.cpp */; };
		4A4CA77E62986F48CD57C942 /* tinyxml.cpp in Sources */ = {isa = PBXBuildFile; fileRef = B4D9C6795159B12D684272DF /* tinyxml.cpp */; };
		4EC2A4F98CA941D7FCF4520C /* core.c in Sources */ = {isa = PBXBuildFile; fileRef = 7A93780AA4B1AC49EAADC4DE /* core.c */; };
		59CD11A155C673E776ABD8C5 /* ofxOscMessage.cpp in Sources */ = {isa = PBXBuildFile; fileRef = 8BA34AA25A02577039D7D630 /* ofxOscMessage.cpp */; };
		5B576CA5FD2C7E542BB25B88 /* keep_alive.c in Sources */ = {isa = PBXBuildFile; fileRef = 29D5C56F7B8A70579771B295 /* keep_alive.c */; };
		664F399EC74F688FE484CFC2 /* flags.c in Sources */ = {isa = PBXBuildFile; fileRef = 66FB325557B499412FDD0BC1 /* flags.c */; };
		71962261148798B776399D23 /* ofxOscReceiver.cpp in Sources */ = {isa = PBXBuildFile; fileRef = 71172F0C01D99EC7828A9227 /* ofxOscReceiver.cpp */; };
		7B7926CEBD13F8C156290F35 /* ofxOscBundle.cpp in Sources */ = {isa = PBXBuildFile; fileRef = BBEE4A7D695655C0E93676C7 /* ofxOscBundle.cpp */; };
		82CF8B66D444937AA15A93E8 /* ofxKinectExtras.cpp in Sources */ = {isa = PBXBuildFile; fileRef = 5B7807F2A389CF83D32BAD49 /* ofxKinectExtras.cpp */; };
		8C64D1B198E6A54202FE7A6F /* usb_libusb10.c in Sources */ = {isa = PBXBuildFile; fileRef = 18146761CAEFF71E5AD0417D /* usb_libusb10.c */; };
		9A2C9D5E1620376C0229D7BB /* NetworkingUtils.cpp in Sources */ = {isa = PBXBuildFile; fileRef = 47960669F1BD536425B3E03A /* NetworkingUtils.cpp */; };
		9C778A883E7A492AC65592CB /* registration.c in Sources */ = {isa = PBXBuildFile; fileRef = 0E604D43C157691DC6296B6F /* registration.c */; };
		9DABD668DD98F13E444E0A02 /* IpEndpointName.cpp in Sources */ = {isa = PBXBuildFile; fileRef = E9A1CAE26EE54C07D51A864C /* IpEndpointName.cpp */; };
		ADE13F581B6E5B8D00D2D844 /* openFrameworks.a in Frameworks */ = {isa = PBXBuildFile; fileRef = ADE13F571B6E5B8D00D2D844 /* openFrameworks.a */; };
		B0477394A49F8E131191BA77 /* ofxXmlSettings.cpp in Sources */ = {isa = PBXBuildFile; fileRef = FA34775102C865F8856E2331 /* ofxXmlSettings.cpp */; };
		B241C11DD797F7D2C8161DC4 /* tinyxmlparser.cpp in Sources */ = {isa = PBXBuildFile; fileRef = 4E74393A696B0E36A3826A2B /* tinyxmlparser.cpp */; };
		B61B7585A34B8F30B02FB19B /* UdpSocket.cpp in Sources */ = {isa = PBXBuildFile; fileRef = 42934D7D6E581BEEE1DCDABB /* UdpSocket.cpp */; };
		BBAB23CB13894F3D00AA2426 /* GLUT.framework in CopyFiles */ = {isa = PBXBuildFile; fileRef = BBAB23BE13894E4700AA2426 /* GLUT.framework */; };
		CACAB43BC1C2BF411D7CC079 /* OscReceivedElements.cpp in Sources */ = {isa = PBXBuildFile; fileRef = 43643AA4EAA1954A3FCB4ED1 /* OscReceivedElements.cpp */; };
		CF49720B45C5C5998105894E /* ofxOscParameterSync.cpp in Sources */ = {isa = PBXBuildFile; fileRef = B7BA95C211BFD5953AC4E1EB /* ofxOscParameterSync.cpp */; };
		D137DEE407C064B180986BA0 /* OscTypes.cpp in Sources */ = {isa = PBXBuildFile; fileRef = 77F1A307C378ED026BB2F1B4 /* OscTypes.cpp */; };
		DFD6463296C0242CF82B0A5F /* tilt.c in Sources */ = {isa = PBXBuildFile; fileRef = 89FF85FAD2F78E0A9FED5474 /* tilt.c */; };
		E45BE97B0E8CC7DD009D7055 /* AGL.framework in Frameworks */ = {isa = PBXBuildFile; fileRef = E45BE9710E8CC7DD009D7055 /* AGL.framework */; };
		E45BE97C0E8CC7DD009D7055 /* ApplicationServices.framework in Frameworks */ = {isa = PBXBuildFile; fileRef = E45BE9720E8CC7DD009D7055 /* ApplicationServices.framework */; };
		E45BE97D0E8CC7DD009D7055 /* AudioToolbox.framework in Frameworks */ = {isa = PBXBuildFile; fileRef = E45BE9730E8CC7DD009D7055 /* AudioToolbox.framework */; };
		E45BE97F0E8CC7DD009D7055 /* CoreAudio.framework in Frameworks */ = {isa = PBXBuildFile; fileRef = E45BE9750E8CC7DD009D7055 /* CoreAudio.framework */; };
		E45BE9800E8CC7DD009D7055 /* CoreFoundation.framework in Frameworks */ = {isa = PBXBuildFile; fileRef = E45BE9760E8CC7DD009D7055 /* CoreFoundation.framework */; };
		E45BE9810E8CC7DD009D7055 /* CoreServices.framework in Frameworks */ = {isa = PBXBuildFile; fileRef = E45BE9770E8CC7DD009D7055 /* CoreServices.framework */; };
		E45BE9830E8CC7DD009D7055 /* OpenGL.framework in Frameworks */ = {isa = PBXBuildFile; fileRef = E45BE9790E8CC7DD009D7055 /* OpenGL.framework */; };
		E45BE9840E8CC7DD009D7055 /* QuickTime.framework in Frameworks */ = {isa = PBXBuildFile; fileRef = E45BE97A0E8CC7DD009D7055 /* QuickTime.framework */; };
		E4B69E200A3A1BDC003C02F2 /* main.cpp in Sources */ = {isa = PBXBuildFile; fileRef = E4B69E1D0A3A1BDC003C02F2 /* main.cpp */; };
		E4B69E210A3A1BDC003C02F2 /* ofApp.cpp in Sources */ = {isa = PBXBuildFile; fileRef = E4B69E1E0A3A1BDC003C02F2 /* ofApp.cpp */; };
		E4C2424710CC5A17004149E2 /* AppKit.framework in Frameworks */ = {isa = PBXBuildFile; fileRef = E4C2424410CC5A17004149E2 /* AppKit.framework */; };
		E4C2424810CC5A17004149E2 /* Cocoa.framework in Frameworks */ = {isa = PBXBuildFile; fileRef = E4C2424510CC5A17004149E2 /* Cocoa.framework */; };
		E4C2424910CC5A17004149E2 /* IOKit.framework in Frameworks */ = {isa = PBXBuildFile; fileRef = E4C2424610CC5A17004149E2 /* IOKit.framework */; };
		E4EB6799138ADC1D00A09F29 /* GLUT.framework in Frameworks */ = {isa = PBXBuildFile; fileRef = BBAB23BE13894E4700AA2426 /* GLUT.framework */; };
		E7E077E515D3B63C0020DFD4 /* CoreVideo.framework in Frameworks */ = {isa = PBXBuildFile; fileRef = E7E077E415D3B63C0020DFD4 /* CoreVideo.framework */; };
		E7E077E815D3B6510020DFD4 /* QTKit.framework in Frameworks */ = {isa = PBXBuildFile; fileRef = E7E077E715D3B6510020DFD4 /* QTKit.framework */; };
		E7F985F815E0DEA3003869B5 /* Accelerate.framework in Frameworks */ = {isa = PBXBuildFile; fileRef = E7F985F515E0DE99003869B5 /* Accelerate.framework */; };
		EAB19CADC96BCF9BDC8FBBCF /* cameras.c in Sources */ = {isa = PBXBuildFile; fileRef = 9C537DE18F135D900460AE7A /* cameras.c */; };
		F1C35E59FC82DE2DC802E043 /* ofxOscSender.cpp in Sources */ = {isa = PBXBuildFile; fileRef = 4DE21DB01437560E7BF5A1C4 /* ofxOscSender.cpp */; };
		FE21FDA5837A38BFD41A6CBA /* ofxKinect.cpp in Sources */ = {isa = PBXBuildFile; fileRef = 0D74400762B269820917667D /* ofxKinect.cpp */; };
/* End PBXBuildFile section */

/* Begin PBXContainerItemProxy section */
		E4328147138ABC890047C5CB /* PBXContainerItemProxy */ = {
			isa = PBXContainerItemProxy;
			containerPortal = E4328143138ABC890047C5CB /* openFrameworksLib.xcodeproj */;
			proxyType = 2;
			remoteGlobalIDString = E4B27C1510CBEB8E00536013;
			remoteInfo = openFrameworks;
		};
		E4EEB9AB138B136A00A80321 /* PBXContainerItemProxy */ = {
			isa = PBXContainerItemProxy;
			containerPortal = E4328143138ABC890047C5CB /* openFrameworksLib.xcodeproj */;
			proxyType = 1;
			remoteGlobalIDString = E4B27C1410CBEB8E00536013;
			remoteInfo = openFrameworks;
		};
/* End PBXContainerItemProxy section */

/* Begin PBXCopyFilesBuildPhase section */
		E4C2427710CC5ABF004149E2 /* CopyFiles */ = {
			isa = PBXCopyFilesBuildPhase;
			buildActionMask = 2147483647;
			dstPath = "";
			dstSubfolderSpec = 10;
			files = (
				BBAB23CB13894F3D00AA2426 /* GLUT.framework in CopyFiles */,
			);
			runOnlyForDeploymentPostprocessing = 0;
		};
/* End PBXCopyFilesBuildPhase section */

/* Begin PBXFileReference section */
		046483EA2E4EABBA22B0ED20 /* usb_libusb10.h */ = {isa = PBXFileReference; explicitFileType = sourcecode.c.h; fileEncoding = 30; name = usb_libusb10.h; path = /Users/Szymon/Documents/Code/Frameworks/openFrameworks/addons/ofxKinect/libs/libfreenect/src/usb_libusb10.h; sourceTree = SOURCE_ROOT; };
		051DF19F2DEC34E9A77870BB /* OscOutboundPacketStream.cpp */ = {isa = PBXFileReference; explicitFileType = sourcecode.cpp.cpp; fileEncoding = 30; name = OscOutboundPacketStream.cpp; path = /Users/Szymon/Documents/Code/Frameworks/openFrameworks/addons/ofxOsc/libs/oscpack/src/osc/OscOutboundPacketStream.cpp; sourceTree = SOURCE_ROOT; };
		0D74400762B269820917667D /* ofxKinect.cpp */ = {isa = PBXFileReference; explicitFileType = sourcecode.cpp.cpp; fileEncoding = 30; name = ofxKinect.cpp; path = /Users/Szymon/Documents/Code/Frameworks/openFrameworks/addons/ofxKinect/src/ofxKinect.cpp; sourceTree = SOURCE_ROOT; };
		0E604D43C157691DC6296B6F /* registration.c */ = {isa = PBXFileReference; explicitFileType = sourcecode.c.c; fileEncoding = 30; name = registration.c; path = /Users/Szymon/Documents/Code/Frameworks/openFrameworks/addons/ofxKinect/libs/libfreenect/src/registration.c; sourceTree = SOURCE_ROOT; };
		15973FECEFEC9810B5E5DF42 /* ofxOscSender.h */ = {isa = PBXFileReference; explicitFileType = sourcecode.c.h; fileEncoding = 30; name = ofxOscSender.h; path = /Users/Szymon/Documents/Code/Frameworks/openFrameworks/addons/ofxOsc/src/ofxOscSender.h; sourceTree = SOURCE_ROOT; };
		179BFC88056FA5E60CE45BF7 /* OscReceivedElements.h */ = {isa = PBXFileReference; explicitFileType = sourcecode.c.h; fileEncoding = 30; name = OscReceivedElements.h; path = /Users/Szymon/Documents/Code/Frameworks/openFrameworks/addons/ofxOsc/libs/oscpack/src/osc/OscReceivedElements.h; sourceTree = SOURCE_ROOT; };
		18146761CAEFF71E5AD0417D /* usb_libusb10.c */ = {isa = PBXFileReference; explicitFileType = sourcecode.c.c; fileEncoding = 30; name = usb_libusb10.c; path = /Users/Szymon/Documents/Code/Frameworks/openFrameworks/addons/ofxKinect/libs/libfreenect/src/usb_libusb10.c; sourceTree = SOURCE_ROOT; };
		1D73169EE8E8EB7873F271E0 /* TimerListener.h */ = {isa = PBXFileReference; explicitFileType = sourcecode.c.h; fileEncoding = 30; name = TimerListener.h; path = /Users/Szymon/Documents/Code/Frameworks/openFrameworks/addons/ofxOsc/libs/oscpack/src/ip/TimerListener.h; sourceTree = SOURCE_ROOT; };
		28EF703D8BA48CF94C6BFCA3 /* tinyxmlerror.cpp */ = {isa = PBXFileReference; explicitFileType = sourcecode.cpp.cpp; fileEncoding = 30; name = tinyxmlerror.cpp; path = /Users/Szymon/Documents/Code/Frameworks/openFrameworks/addons/ofxXmlSettings/libs/tinyxmlerror.cpp; sourceTree = SOURCE_ROOT; };
		29D5C56F7B8A70579771B295 /* keep_alive.c */ = {isa = PBXFileReference; explicitFileType = sourcecode.c.c; fileEncoding = 30; name = keep_alive.c; path = /Users/Szymon/Documents/Code/Frameworks/openFrameworks/addons/ofxKinect/libs/libfreenect/src/keep_alive.c; sourceTree = SOURCE_ROOT; };
		2B10698EAE76E3B25B7F952E /* OscTypes.h */ = {isa = PBXFileReference; explicitFileType = sourcecode.c.h; fileEncoding = 30; name = OscTypes.h; path = /Users/Szymon/Documents/Code/Frameworks/openFrameworks/addons/ofxOsc/libs/oscpack/src/osc/OscTypes.h; sourceTree = SOURCE_ROOT; };
		2C1DFE874A102617BCCFB8C5 /* ofxXmlSettings.h */ = {isa = PBXFileReference; explicitFileType = sourcecode.c.h; fileEncoding = 30; name = ofxXmlSettings.h; path = /Users/Szymon/Documents/Code/Frameworks/openFrameworks/addons/ofxXmlSettings/src/ofxXmlSettings.h; sourceTree = SOURCE_ROOT; };
		2EA3D9C60D9CF94991767A5B /* cameras.h */ = {isa = PBXFileReference; explicitFileType = sourcecode.c.h; fileEncoding = 30; name = cameras.h; path = /Users/Szymon/Documents/Code/Frameworks/openFrameworks/addons/ofxKinect/libs/libfreenect/src/cameras.h; sourceTree = SOURCE_ROOT; };
		349A3456037BD28CD8707D03 /* ofxKinect.h */ = {isa = PBXFileReference; explicitFileType = sourcecode.c.h; fileEncoding = 30; name = ofxKinect.h; path = /Users/Szymon/Documents/Code/Frameworks/openFrameworks/addons/ofxKinect/src/ofxKinect.h; sourceTree = SOURCE_ROOT; };
		42934D7D6E581BEEE1DCDABB /* UdpSocket.cpp */ = {isa = PBXFileReference; explicitFileType = sourcecode.cpp.cpp; fileEncoding = 30; name = UdpSocket.cpp; path = /Users/Szymon/Documents/Code/Frameworks/openFrameworks/addons/ofxOsc/libs/oscpack/src/ip/posix/UdpSocket.cpp; sourceTree = SOURCE_ROOT; };
		43643AA4EAA1954A3FCB4ED1 /* OscReceivedElements.cpp */ = {isa = PBXFileReference; explicitFileType = sourcecode.cpp.cpp; fileEncoding = 30; name = OscReceivedElements.cpp; path = /Users/Szymon/Documents/Code/Frameworks/openFrameworks/addons/ofxOsc/libs/oscpack/src/osc/OscReceivedElements.cpp; sourceTree = SOURCE_ROOT; };
		47960669F1BD536425B3E03A /* NetworkingUtils.cpp */ = {isa = PBXFileReference; explicitFileType = sourcecode.cpp.cpp; fileEncoding = 30; name = NetworkingUtils.cpp; path = /Users/Szymon/Documents/Code/Frameworks/openFrameworks/addons/ofxOsc/libs/oscpack/src/ip/posix/NetworkingUtils.cpp; sourceTree = SOURCE_ROOT; };
		4B537320228265273A3CCEF9 /* flags.h */ = {isa = PBXFileReference; explicitFileType = sourcecode.c.h; fileEncoding = 30; name = flags.h; path = /Users/Szymon/Documents/Code/Frameworks/openFrameworks/addons/ofxKinect/libs/libfreenect/src/flags.h; sourceTree = SOURCE_ROOT; };
		4B8947D85A0F279E1A42E866 /* OscOutboundPacketStream.h */ = {isa = PBXFileReference; explicitFileType = sourcecode.c.h; fileEncoding = 30; name = OscOutboundPacketStream.h; path = /Users/Szymon/Documents/Code/Frameworks/openFrameworks/addons/ofxOsc/libs/oscpack/src/osc/OscOutboundPacketStream.h; sourceTree = SOURCE_ROOT; };
		4C552C0CA3D228129E86E3E4 /* ofxOscParameterSync.h */ = {isa = PBXFileReference; explicitFileType = sourcecode.c.h; fileEncoding = 30; name = ofxOscParameterSync.h; path = /Users/Szymon/Documents/Code/Frameworks/openFrameworks/addons/ofxOsc/src/ofxOscParameterSync.h; sourceTree = SOURCE_ROOT; };
		4DC573B5CB340915F8628059 /* ofxKinectExtras.h */ = {isa = PBXFileReference; explicitFileType = sourcecode.c.h; fileEncoding = 30; name = ofxKinectExtras.h; path = /Users/Szymon/Documents/Code/Frameworks/openFrameworks/addons/ofxKinect/src/extra/ofxKinectExtras.h; sourceTree = SOURCE_ROOT; };
		4DE21DB01437560E7BF5A1C4 /* ofxOscSender.cpp */ = {isa = PBXFileReference; explicitFileType = sourcecode.cpp.cpp; fileEncoding = 30; name = ofxOscSender.cpp; path = /Users/Szymon/Documents/Code/Frameworks/openFrameworks/addons/ofxOsc/src/ofxOscSender.cpp; sourceTree = SOURCE_ROOT; };
		4DEE72B5564F41CA5071E568 /* keep_alive.h */ = {isa = PBXFileReference; explicitFileType = sourcecode.c.h; fileEncoding = 30; name = keep_alive.h; path = /Users/Szymon/Documents/Code/Frameworks/openFrameworks/addons/ofxKinect/libs/libfreenect/src/keep_alive.h; sourceTree = SOURCE_ROOT; };
		4E74393A696B0E36A3826A2B /* tinyxmlparser.cpp */ = {isa = PBXFileReference; explicitFileType = sourcecode.cpp.cpp; fileEncoding = 30; name = tinyxmlparser.cpp; path = /Users/Szymon/Documents/Code/Frameworks/openFrameworks/addons/ofxXmlSettings/libs/tinyxmlparser.cpp; sourceTree = SOURCE_ROOT; };
		5B7807F2A389CF83D32BAD49 /* ofxKinectExtras.cpp */ = {isa = PBXFileReference; explicitFileType = sourcecode.cpp.cpp; fileEncoding = 30; name = ofxKinectExtras.cpp; path = /Users/Szymon/Documents/Code/Frameworks/openFrameworks/addons/ofxKinect/src/extra/ofxKinectExtras.cpp; sourceTree = SOURCE_ROOT; };
		5C13EB7678742F5C1EB1FB88 /* OscException.h */ = {isa = PBXFileReference; explicitFileType = sourcecode.c.h; fileEncoding = 30; name = OscException.h; path = /Users/Szymon/Documents/Code/Frameworks/openFrameworks/addons/ofxOsc/libs/oscpack/src/osc/OscException.h; sourceTree = SOURCE_ROOT; };
		62C110CFA390B147CC1C47A8 /* tinyxml.h */ = {isa = PBXFileReference; explicitFileType = sourcecode.c.h; fileEncoding = 30; name = tinyxml.h; path = /Users/Szymon/Documents/Code/Frameworks/openFrameworks/addons/ofxXmlSettings/libs/tinyxml.h; sourceTree = SOURCE_ROOT; };
		63AC742BE288869716625243 /* registration.h */ = {isa = PBXFileReference; explicitFileType = sourcecode.c.h; fileEncoding = 30; name = registration.h; path = /Users/Szymon/Documents/Code/Frameworks/openFrameworks/addons/ofxKinect/libs/libfreenect/src/registration.h; sourceTree = SOURCE_ROOT; };
		66FB325557B499412FDD0BC1 /* flags.c */ = {isa = PBXFileReference; explicitFileType = sourcecode.c.c; fileEncoding = 30; name = flags.c; path = /Users/Szymon/Documents/Code/Frameworks/openFrameworks/addons/ofxKinect/libs/libfreenect/src/flags.c; sourceTree = SOURCE_ROOT; };
		6B9969D2D567C539E6C47F82 /* libfreenect.h */ = {isa = PBXFileReference; explicitFileType = sourcecode.c.h; fileEncoding = 30; name = libfreenect.h; path = /Users/Szymon/Documents/Code/Frameworks/openFrameworks/addons/ofxKinect/libs/libfreenect/include/libfreenect.h; sourceTree = SOURCE_ROOT; };
		706D4EA15D896A724A2D54BB /* ofxBase3DVideo.h */ = {isa = PBXFileReference; explicitFileType = sourcecode.c.h; fileEncoding = 30; name = ofxBase3DVideo.h; path = /Users/Szymon/Documents/Code/Frameworks/openFrameworks/addons/ofxKinect/src/ofxBase3DVideo.h; sourceTree = SOURCE_ROOT; };
		71172F0C01D99EC7828A9227 /* ofxOscReceiver.cpp */ = {isa = PBXFileReference; explicitFileType = sourcecode.cpp.cpp; fileEncoding = 30; name = ofxOscReceiver.cpp; path = /Users/Szymon/Documents/Code/Frameworks/openFrameworks/addons/ofxOsc/src/ofxOscReceiver.cpp; sourceTree = SOURCE_ROOT; };
		727E2DF17218431DAA37F922 /* OscPacketListener.h */ = {isa = PBXFileReference; explicitFileType = sourcecode.c.h; fileEncoding = 30; name = OscPacketListener.h; path = /Users/Szymon/Documents/Code/Frameworks/openFrameworks/addons/ofxOsc/libs/oscpack/src/osc/OscPacketListener.h; sourceTree = SOURCE_ROOT; };
		763D6E165DD976F1CB57E0AF /* NetworkingUtils.h */ = {isa = PBXFileReference; explicitFileType = sourcecode.c.h; fileEncoding = 30; name = NetworkingUtils.h; path = /Users/Szymon/Documents/Code/Frameworks/openFrameworks/addons/ofxOsc/libs/oscpack/src/ip/NetworkingUtils.h; sourceTree = SOURCE_ROOT; };
		77F1A307C378ED026BB2F1B4 /* OscTypes.cpp */ = {isa = PBXFileReference; explicitFileType = sourcecode.cpp.cpp; fileEncoding = 30; name = OscTypes.cpp; path = /Users/Szymon/Documents/Code/Frameworks/openFrameworks/addons/ofxOsc/libs/oscpack/src/osc/OscTypes.cpp; sourceTree = SOURCE_ROOT; };
		7A93780AA4B1AC49EAADC4DE /* core.c */ = {isa = PBXFileReference; explicitFileType = sourcecode.c.c; fileEncoding = 30; name = core.c; path = /Users/Szymon/Documents/Code/Frameworks/openFrameworks/addons/ofxKinect/libs/libfreenect/src/core.c; sourceTree = SOURCE_ROOT; };
		80CAEC556A330E4735FE8A15 /* libusb.h */ = {isa = PBXFileReference; explicitFileType = sourcecode.c.h; fileEncoding = 30; name = libusb.h; path = "/Users/Szymon/Documents/Code/Frameworks/openFrameworks/addons/ofxKinect/libs/libusb-1.0/include/libusb-1.0/libusb.h"; sourceTree = SOURCE_ROOT; };
		88514874FC17B52675C467B1 /* loader.c */ = {isa = PBXFileReference; explicitFileType = sourcecode.c.c; fileEncoding = 30; name = loader.c; path = /Users/Szymon/Documents/Code/Frameworks/openFrameworks/addons/ofxKinect/libs/libfreenect/src/loader.c; sourceTree = SOURCE_ROOT; };
		89488911FF4C1B5EC6FC9EF3 /* UdpSocket.h */ = {isa = PBXFileReference; explicitFileType = sourcecode.c.h; fileEncoding = 30; name = UdpSocket.h; path = /Users/Szymon/Documents/Code/Frameworks/openFrameworks/addons/ofxOsc/libs/oscpack/src/ip/UdpSocket.h; sourceTree = SOURCE_ROOT; };
		89FF85FAD2F78E0A9FED5474 /* tilt.c */ = {isa = PBXFileReference; explicitFileType = sourcecode.c.c; fileEncoding = 30; name = tilt.c; path = /Users/Szymon/Documents/Code/Frameworks/openFrameworks/addons/ofxKinect/libs/libfreenect/src/tilt.c; sourceTree = SOURCE_ROOT; };
		8BA34AA25A02577039D7D630 /* ofxOscMessage.cpp */ = {isa = PBXFileReference; explicitFileType = sourcecode.cpp.cpp; fileEncoding = 30; name = ofxOscMessage.cpp; path = /Users/Szymon/Documents/Code/Frameworks/openFrameworks/addons/ofxOsc/src/ofxOscMessage.cpp; sourceTree = SOURCE_ROOT; };
		96C4DA854E60EF73C826C374 /* OscPrintReceivedElements.cpp */ = {isa = PBXFileReference; explicitFileType = sourcecode.cpp.cpp; fileEncoding = 30; name = OscPrintReceivedElements.cpp; path = /Users/Szymon/Documents/Code/Frameworks/openFrameworks/addons/ofxOsc/libs/oscpack/src/osc/OscPrintReceivedElements.cpp; sourceTree = SOURCE_ROOT; };
		9C537DE18F135D900460AE7A /* cameras.c */ = {isa = PBXFileReference; explicitFileType = sourcecode.c.c; fileEncoding = 30; name = cameras.c; path = /Users/Szymon/Documents/Code/Frameworks/openFrameworks/addons/ofxKinect/libs/libfreenect/src/cameras.c; sourceTree = SOURCE_ROOT; };
		9E50E55F36A1979143C71D26 /* IpEndpointName.h */ = {isa = PBXFileReference; explicitFileType = sourcecode.c.h; fileEncoding = 30; name = IpEndpointName.h; path = /Users/Szymon/Documents/Code/Frameworks/openFrameworks/addons/ofxOsc/libs/oscpack/src/ip/IpEndpointName.h; sourceTree = SOURCE_ROOT; };
		9EB3F1CCBF6AD5BE944FDBEE /* MessageMappingOscPacketListener.h */ = {isa = PBXFileReference; explicitFileType = sourcecode.c.h; fileEncoding = 30; name = MessageMappingOscPacketListener.h; path = /Users/Szymon/Documents/Code/Frameworks/openFrameworks/addons/ofxOsc/libs/oscpack/src/osc/MessageMappingOscPacketListener.h; sourceTree = SOURCE_ROOT; };
		AD3FBF46C5332FD82E67EECF /* ofxOsc.h */ = {isa = PBXFileReference; explicitFileType = sourcecode.c.h; fileEncoding = 30; name = ofxOsc.h; path = /Users/Szymon/Documents/Code/Frameworks/openFrameworks/addons/ofxOsc/src/ofxOsc.h; sourceTree = SOURCE_ROOT; };
		ADAE47E91BADBC38000EFEB2 /* libs */ = {isa = PBXFileReference; lastKnownFileType = folder; name = libs; path = ../../../Code/Frameworks/openFrameworks/addons/ofxCv/libs; sourceTree = "<group>"; };
		ADAE47EA1BADBC38000EFEB2 /* src */ = {isa = PBXFileReference; lastKnownFileType = folder; name = src; path = ../../../Code/Frameworks/openFrameworks/addons/ofxCv/src; sourceTree = "<group>"; };
		ADE13F571B6E5B8D00D2D844 /* openFrameworks.a */ = {isa = PBXFileReference; lastKnownFileType = archive.ar; name = openFrameworks.a; path = "../../../Code/Frameworks/openFrameworks OSX/libs/openFrameworksCompiled/lib/osx/openFrameworks.a"; sourceTree = "<group>"; };
		B0AA9880D068D06622052948 /* OscHostEndianness.h */ = {isa = PBXFileReference; explicitFileType = sourcecode.c.h; fileEncoding = 30; name = OscHostEndianness.h; path = /Users/Szymon/Documents/Code/Frameworks/openFrameworks/addons/ofxOsc/libs/oscpack/src/osc/OscHostEndianness.h; sourceTree = SOURCE_ROOT; };
		B25D12FC9C8DA0CCFCEC9080 /* ofxOscReceiver.h */ = {isa = PBXFileReference; explicitFileType = sourcecode.c.h; fileEncoding = 30; name = ofxOscReceiver.h; path = /Users/Szymon/Documents/Code/Frameworks/openFrameworks/addons/ofxOsc/src/ofxOscReceiver.h; sourceTree = SOURCE_ROOT; };
		B4D9C6795159B12D684272DF /* tinyxml.cpp */ = {isa = PBXFileReference; explicitFileType = sourcecode.cpp.cpp; fileEncoding = 30; name = tinyxml.cpp; path = /Users/Szymon/Documents/Code/Frameworks/openFrameworks/addons/ofxXmlSettings/libs/tinyxml.cpp; sourceTree = SOURCE_ROOT; };
		B7BA95C211BFD5953AC4E1EB /* ofxOscParameterSync.cpp */ = {isa = PBXFileReference; explicitFileType = sourcecode.cpp.cpp; fileEncoding = 30; name = ofxOscParameterSync.cpp; path = /Users/Szymon/Documents/Code/Frameworks/openFrameworks/addons/ofxOsc/src/ofxOscParameterSync.cpp; sourceTree = SOURCE_ROOT; };
		BBAB23BE13894E4700AA2426 /* GLUT.framework */ = {isa = PBXFileReference; lastKnownFileType = wrapper.framework; name = GLUT.framework; path = /Users/Szymon/Documents/Code/Frameworks/openFrameworks/libs/glut/lib/osx/GLUT.framework; sourceTree = "<group>"; };
		BBEE4A7D695655C0E93676C7 /* ofxOscBundle.cpp */ = {isa = PBXFileReference; explicitFileType = sourcecode.cpp.cpp; fileEncoding = 30; name = ofxOscBundle.cpp; path = /Users/Szymon/Documents/Code/Frameworks/openFrameworks/addons/ofxOsc/src/ofxOscBundle.cpp; sourceTree = SOURCE_ROOT; };
		C22F3B72EA47556D86FD13C4 /* ofxOscMessage.h */ = {isa = PBXFileReference; explicitFileType = sourcecode.c.h; fileEncoding = 30; name = ofxOscMessage.h; path = /Users/Szymon/Documents/Code/Frameworks/openFrameworks/addons/ofxOsc/src/ofxOscMessage.h; sourceTree = SOURCE_ROOT; };
		CA6E83137113C8830E368381 /* PacketListener.h */ = {isa = PBXFileReference; explicitFileType = sourcecode.c.h; fileEncoding = 30; name = PacketListener.h; path = /Users/Szymon/Documents/Code/Frameworks/openFrameworks/addons/ofxOsc/libs/oscpack/src/ip/PacketListener.h; sourceTree = SOURCE_ROOT; };
		D43E73FD5811746E756E1C64 /* libfreenect-audio.h */ = {isa = PBXFileReference; explicitFileType = sourcecode.c.h; fileEncoding = 30; name = "libfreenect-audio.h"; path = "/Users/Szymon/Documents/Code/Frameworks/openFrameworks/addons/ofxKinect/libs/libfreenect/include/libfreenect-audio.h"; sourceTree = SOURCE_ROOT; };
		DA9CD657B432663B994E1865 /* libfreenect-registration.h */ = {isa = PBXFileReference; explicitFileType = sourcecode.c.h; fileEncoding = 30; name = "libfreenect-registration.h"; path = "/Users/Szymon/Documents/Code/Frameworks/openFrameworks/addons/ofxKinect/libs/libfreenect/include/libfreenect-registration.h"; sourceTree = SOURCE_ROOT; };
		DCABEBA9A46E55B67A66BBC9 /* loader.h */ = {isa = PBXFileReference; explicitFileType = sourcecode.c.h; fileEncoding = 30; name = loader.h; path = /Users/Szymon/Documents/Code/Frameworks/openFrameworks/addons/ofxKinect/libs/libfreenect/src/loader.h; sourceTree = SOURCE_ROOT; };
		DD8C60E9B751AADF229B95B1 /* ofxOscBundle.h */ = {isa = PBXFileReference; explicitFileType = sourcecode.c.h; fileEncoding = 30; name = ofxOscBundle.h; path = /Users/Szymon/Documents/Code/Frameworks/openFrameworks/addons/ofxOsc/src/ofxOscBundle.h; sourceTree = SOURCE_ROOT; };
		E14503757DBF175AADFC36F3 /* ofxOscArg.h */ = {isa = PBXFileReference; explicitFileType = sourcecode.c.h; fileEncoding = 30; name = ofxOscArg.h; path = /Users/Szymon/Documents/Code/Frameworks/openFrameworks/addons/ofxOsc/src/ofxOscArg.h; sourceTree = SOURCE_ROOT; };
		E4328143138ABC890047C5CB /* openFrameworksLib.xcodeproj */ = {isa = PBXFileReference; lastKnownFileType = "wrapper.pb-project"; name = openFrameworksLib.xcodeproj; path = /Users/Szymon/Documents/Code/Frameworks/openFrameworks/libs/openFrameworksCompiled/project/osx/openFrameworksLib.xcodeproj; sourceTree = SOURCE_ROOT; };
		E45BE9710E8CC7DD009D7055 /* AGL.framework */ = {isa = PBXFileReference; lastKnownFileType = wrapper.framework; name = AGL.framework; path = /System/Library/Frameworks/AGL.framework; sourceTree = "<absolute>"; };
		E45BE9720E8CC7DD009D7055 /* ApplicationServices.framework */ = {isa = PBXFileReference; lastKnownFileType = wrapper.framework; name = ApplicationServices.framework; path = /System/Library/Frameworks/ApplicationServices.framework; sourceTree = "<absolute>"; };
		E45BE9730E8CC7DD009D7055 /* AudioToolbox.framework */ = {isa = PBXFileReference; lastKnownFileType = wrapper.framework; name = AudioToolbox.framework; path = /System/Library/Frameworks/AudioToolbox.framework; sourceTree = "<absolute>"; };
		E45BE9750E8CC7DD009D7055 /* CoreAudio.framework */ = {isa = PBXFileReference; lastKnownFileType = wrapper.framework; name = CoreAudio.framework; path = /System/Library/Frameworks/CoreAudio.framework; sourceTree = "<absolute>"; };
		E45BE9760E8CC7DD009D7055 /* CoreFoundation.framework */ = {isa = PBXFileReference; lastKnownFileType = wrapper.framework; name = CoreFoundation.framework; path = /System/Library/Frameworks/CoreFoundation.framework; sourceTree = "<absolute>"; };
		E45BE9770E8CC7DD009D7055 /* CoreServices.framework */ = {isa = PBXFileReference; lastKnownFileType = wrapper.framework; name = CoreServices.framework; path = /System/Library/Frameworks/CoreServices.framework; sourceTree = "<absolute>"; };
		E45BE9790E8CC7DD009D7055 /* OpenGL.framework */ = {isa = PBXFileReference; lastKnownFileType = wrapper.framework; name = OpenGL.framework; path = /System/Library/Frameworks/OpenGL.framework; sourceTree = "<absolute>"; };
		E45BE97A0E8CC7DD009D7055 /* QuickTime.framework */ = {isa = PBXFileReference; lastKnownFileType = wrapper.framework; name = QuickTime.framework; path = /System/Library/Frameworks/QuickTime.framework; sourceTree = "<absolute>"; };
		E4B69B5B0A3A1756003C02F2 /* Kinect2OSCDebug.app */ = {isa = PBXFileReference; explicitFileType = wrapper.application; includeInIndex = 0; path = Kinect2OSCDebug.app; sourceTree = BUILT_PRODUCTS_DIR; };
		E4B69E1D0A3A1BDC003C02F2 /* main.cpp */ = {isa = PBXFileReference; fileEncoding = 30; lastKnownFileType = sourcecode.cpp.cpp; name = main.cpp; path = src/main.cpp; sourceTree = SOURCE_ROOT; };
		E4B69E1E0A3A1BDC003C02F2 /* ofApp.cpp */ = {isa = PBXFileReference; explicitFileType = sourcecode.cpp.cpp; fileEncoding = 30; name = ofApp.cpp; path = src/ofApp.cpp; sourceTree = SOURCE_ROOT; };
		E4B69E1F0A3A1BDC003C02F2 /* ofApp.h */ = {isa = PBXFileReference; fileEncoding = 30; lastKnownFileType = sourcecode.c.h; name = ofApp.h; path = src/ofApp.h; sourceTree = SOURCE_ROOT; };
		E4B6FCAD0C3E899E008CF71C /* openFrameworks-Info.plist */ = {isa = PBXFileReference; fileEncoding = 30; lastKnownFileType = text.plist.xml; path = "openFrameworks-Info.plist"; sourceTree = "<group>"; };
		E4C2424410CC5A17004149E2 /* AppKit.framework */ = {isa = PBXFileReference; lastKnownFileType = wrapper.framework; name = AppKit.framework; path = /System/Library/Frameworks/AppKit.framework; sourceTree = "<absolute>"; };
		E4C2424510CC5A17004149E2 /* Cocoa.framework */ = {isa = PBXFileReference; lastKnownFileType = wrapper.framework; name = Cocoa.framework; path = /System/Library/Frameworks/Cocoa.framework; sourceTree = "<absolute>"; };
		E4C2424610CC5A17004149E2 /* IOKit.framework */ = {isa = PBXFileReference; lastKnownFileType = wrapper.framework; name = IOKit.framework; path = /System/Library/Frameworks/IOKit.framework; sourceTree = "<absolute>"; };
		E4EB691F138AFCF100A09F29 /* CoreOF.xcconfig */ = {isa = PBXFileReference; fileEncoding = 4; lastKnownFileType = text.xcconfig; name = CoreOF.xcconfig; path = /Users/Szymon/Documents/Code/Frameworks/openFrameworks/libs/openFrameworksCompiled/project/osx/CoreOF.xcconfig; sourceTree = SOURCE_ROOT; };
		E4EB6923138AFD0F00A09F29 /* Project.xcconfig */ = {isa = PBXFileReference; fileEncoding = 4; lastKnownFileType = text.xcconfig; path = Project.xcconfig; sourceTree = "<group>"; };
		E7E077E415D3B63C0020DFD4 /* CoreVideo.framework */ = {isa = PBXFileReference; lastKnownFileType = wrapper.framework; name = CoreVideo.framework; path = /System/Library/Frameworks/CoreVideo.framework; sourceTree = "<absolute>"; };
		E7E077E715D3B6510020DFD4 /* QTKit.framework */ = {isa = PBXFileReference; lastKnownFileType = wrapper.framework; name = QTKit.framework; path = /System/Library/Frameworks/QTKit.framework; sourceTree = "<absolute>"; };
		E7F985F515E0DE99003869B5 /* Accelerate.framework */ = {isa = PBXFileReference; lastKnownFileType = wrapper.framework; name = Accelerate.framework; path = /System/Library/Frameworks/Accelerate.framework; sourceTree = "<absolute>"; };
		E9A1CAE26EE54C07D51A864C /* IpEndpointName.cpp */ = {isa = PBXFileReference; explicitFileType = sourcecode.cpp.cpp; fileEncoding = 30; name = IpEndpointName.cpp; path = /Users/Szymon/Documents/Code/Frameworks/openFrameworks/addons/ofxOsc/libs/oscpack/src/ip/IpEndpointName.cpp; sourceTree = SOURCE_ROOT; };
		E9CDD31E0463646B2A034331 /* OscPrintReceivedElements.h */ = {isa = PBXFileReference; explicitFileType = sourcecode.c.h; fileEncoding = 30; name = OscPrintReceivedElements.h; path = /Users/Szymon/Documents/Code/Frameworks/openFrameworks/addons/ofxOsc/libs/oscpack/src/osc/OscPrintReceivedElements.h; sourceTree = SOURCE_ROOT; };
		EF0C83687E251FC89D9D32D4 /* audio.c */ = {isa = PBXFileReference; explicitFileType = sourcecode.c.c; fileEncoding = 30; name = audio.c; path = /Users/Szymon/Documents/Code/Frameworks/openFrameworks/addons/ofxKinect/libs/libfreenect/src/audio.c; sourceTree = SOURCE_ROOT; };
		FA34775102C865F8856E2331 /* ofxXmlSettings.cpp */ = {isa = PBXFileReference; explicitFileType = sourcecode.cpp.cpp; fileEncoding = 30; name = ofxXmlSettings.cpp; path = /Users/Szymon/Documents/Code/Frameworks/openFrameworks/addons/ofxXmlSettings/src/ofxXmlSettings.cpp; sourceTree = SOURCE_ROOT; };
		FE63F6F54361BA2086DF3DCD /* freenect_internal.h */ = {isa = PBXFileReference; explicitFileType = sourcecode.c.h; fileEncoding = 30; name = freenect_internal.h; path = /Users/Szymon/Documents/Code/Frameworks/openFrameworks/addons/ofxKinect/libs/libfreenect/src/freenect_internal.h; sourceTree = SOURCE_ROOT; };
/* End PBXFileReference section */

/* Begin PBXFrameworksBuildPhase section */
		E4B69B590A3A1756003C02F2 /* Frameworks */ = {
			isa = PBXFrameworksBuildPhase;
			buildActionMask = 2147483647;
			files = (
				ADE13F581B6E5B8D00D2D844 /* openFrameworks.a in Frameworks */,
				E7F985F815E0DEA3003869B5 /* Accelerate.framework in Frameworks */,
				E7E077E815D3B6510020DFD4 /* QTKit.framework in Frameworks */,
				E4EB6799138ADC1D00A09F29 /* GLUT.framework in Frameworks */,
				E45BE97B0E8CC7DD009D7055 /* AGL.framework in Frameworks */,
				E45BE97C0E8CC7DD009D7055 /* ApplicationServices.framework in Frameworks */,
				E45BE97D0E8CC7DD009D7055 /* AudioToolbox.framework in Frameworks */,
				E45BE97F0E8CC7DD009D7055 /* CoreAudio.framework in Frameworks */,
				E45BE9800E8CC7DD009D7055 /* CoreFoundation.framework in Frameworks */,
				E45BE9810E8CC7DD009D7055 /* CoreServices.framework in Frameworks */,
				E45BE9830E8CC7DD009D7055 /* OpenGL.framework in Frameworks */,
				E45BE9840E8CC7DD009D7055 /* QuickTime.framework in Frameworks */,
				E4C2424710CC5A17004149E2 /* AppKit.framework in Frameworks */,
				E4C2424810CC5A17004149E2 /* Cocoa.framework in Frameworks */,
				E4C2424910CC5A17004149E2 /* IOKit.framework in Frameworks */,
				E7E077E515D3B63C0020DFD4 /* CoreVideo.framework in Frameworks */,
			);
			runOnlyForDeploymentPostprocessing = 0;
		};
/* End PBXFrameworksBuildPhase section */

/* Begin PBXGroup section */
		1AE6862ED862CA18468E0CCD /* include */ = {
			isa = PBXGroup;
			children = (
				2C171637C399A50881F147E9 /* libusb-1.0 */,
			);
			name = include;
			sourceTree = "<group>";
		};
		1F4FB5C423662B96ADFDCC0B /* ofxXmlSettings */ = {
			isa = PBXGroup;
			children = (
				6ECEF0D76BC33727823EADFF /* src */,
				6E54289412D2D94F45A05113 /* libs */,
			);
			name = ofxXmlSettings;
			sourceTree = "<group>";
		};
		2C171637C399A50881F147E9 /* libusb-1.0 */ = {
			isa = PBXGroup;
			children = (
				80CAEC556A330E4735FE8A15 /* libusb.h */,
			);
			name = "libusb-1.0";
			sourceTree = "<group>";
		};
		30CB364908817057B430D528 /* osc */ = {
			isa = PBXGroup;
			children = (
				9EB3F1CCBF6AD5BE944FDBEE /* MessageMappingOscPacketListener.h */,
				5C13EB7678742F5C1EB1FB88 /* OscException.h */,
				B0AA9880D068D06622052948 /* OscHostEndianness.h */,
				051DF19F2DEC34E9A77870BB /* OscOutboundPacketStream.cpp */,
				4B8947D85A0F279E1A42E866 /* OscOutboundPacketStream.h */,
				727E2DF17218431DAA37F922 /* OscPacketListener.h */,
				96C4DA854E60EF73C826C374 /* OscPrintReceivedElements.cpp */,
				E9CDD31E0463646B2A034331 /* OscPrintReceivedElements.h */,
				43643AA4EAA1954A3FCB4ED1 /* OscReceivedElements.cpp */,
				179BFC88056FA5E60CE45BF7 /* OscReceivedElements.h */,
				77F1A307C378ED026BB2F1B4 /* OscTypes.cpp */,
				2B10698EAE76E3B25B7F952E /* OscTypes.h */,
			);
			name = osc;
			sourceTree = "<group>";
		};
		32687044708CDA9EDA265387 /* libfreenect */ = {
			isa = PBXGroup;
			children = (
				6DFA2B327764FCDA2A8D882F /* include */,
				ED6E9BDB447DB965EE6F1FA6 /* src */,
			);
			name = libfreenect;
			sourceTree = "<group>";
		};
		38871A5825686AE018EC2BF0 /* libs */ = {
			isa = PBXGroup;
			children = (
				86D2677079A3AF4A5A88E29A /* oscpack */,
			);
			name = libs;
			sourceTree = "<group>";
		};
		641362CA659FAFEE4E81001B /* posix */ = {
			isa = PBXGroup;
			children = (
				47960669F1BD536425B3E03A /* NetworkingUtils.cpp */,
				42934D7D6E581BEEE1DCDABB /* UdpSocket.cpp */,
			);
			name = posix;
			sourceTree = "<group>";
		};
		65726280742CD54BF368BDB8 /* libusb-1.0 */ = {
			isa = PBXGroup;
			children = (
				1AE6862ED862CA18468E0CCD /* include */,
			);
			name = "libusb-1.0";
			sourceTree = "<group>";
		};
		6DFA2B327764FCDA2A8D882F /* include */ = {
			isa = PBXGroup;
			children = (
				D43E73FD5811746E756E1C64 /* libfreenect-audio.h */,
				DA9CD657B432663B994E1865 /* libfreenect-registration.h */,
				6B9969D2D567C539E6C47F82 /* libfreenect.h */,
			);
			name = include;
			sourceTree = "<group>";
		};
		6E54289412D2D94F45A05113 /* libs */ = {
			isa = PBXGroup;
			children = (
				B4D9C6795159B12D684272DF /* tinyxml.cpp */,
				62C110CFA390B147CC1C47A8 /* tinyxml.h */,
				28EF703D8BA48CF94C6BFCA3 /* tinyxmlerror.cpp */,
				4E74393A696B0E36A3826A2B /* tinyxmlparser.cpp */,
			);
			name = libs;
			sourceTree = "<group>";
		};
		6E7134DE536888BE82D56327 /* extra */ = {
			isa = PBXGroup;
			children = (
				5B7807F2A389CF83D32BAD49 /* ofxKinectExtras.cpp */,
				4DC573B5CB340915F8628059 /* ofxKinectExtras.h */,
			);
			name = extra;
			sourceTree = "<group>";
		};
		6ECEF0D76BC33727823EADFF /* src */ = {
			isa = PBXGroup;
			children = (
				FA34775102C865F8856E2331 /* ofxXmlSettings.cpp */,
				2C1DFE874A102617BCCFB8C5 /* ofxXmlSettings.h */,
			);
			name = src;
			sourceTree = "<group>";
		};
		86D2677079A3AF4A5A88E29A /* oscpack */ = {
			isa = PBXGroup;
			children = (
				D27B2221A225CA523C019676 /* src */,
			);
			name = oscpack;
			sourceTree = "<group>";
		};
		9683228C705CA3FF4F2EA945 /* ofxKinect */ = {
			isa = PBXGroup;
			children = (
				F3D2DB7201EFA9F7958F421E /* src */,
				F4101FC676C210E28DCB3220 /* libs */,
			);
			name = ofxKinect;
			sourceTree = "<group>";
		};
		ADAE47E81BADBC2A000EFEB2 /* ofxCv */ = {
			isa = PBXGroup;
			children = (
				ADAE47E91BADBC38000EFEB2 /* libs */,
				ADAE47EA1BADBC38000EFEB2 /* src */,
			);
			name = ofxCv;
			sourceTree = "<group>";
		};
		BB4B014C10F69532006C3DED /* addons */ = {
			isa = PBXGroup;
			children = (
				ADAE47E81BADBC2A000EFEB2 /* ofxCv */,
				9683228C705CA3FF4F2EA945 /* ofxKinect */,
				E6053AB7FEC63D5F83825B88 /* ofxOsc */,
				1F4FB5C423662B96ADFDCC0B /* ofxXmlSettings */,
			);
			name = addons;
			sourceTree = "<group>";
		};
		BBAB23C913894ECA00AA2426 /* system frameworks */ = {
			isa = PBXGroup;
			children = (
				E7F985F515E0DE99003869B5 /* Accelerate.framework */,
				E4C2424410CC5A17004149E2 /* AppKit.framework */,
				E4C2424510CC5A17004149E2 /* Cocoa.framework */,
				E4C2424610CC5A17004149E2 /* IOKit.framework */,
				E45BE9710E8CC7DD009D7055 /* AGL.framework */,
				E45BE9720E8CC7DD009D7055 /* ApplicationServices.framework */,
				E45BE9730E8CC7DD009D7055 /* AudioToolbox.framework */,
				E45BE9750E8CC7DD009D7055 /* CoreAudio.framework */,
				E45BE9760E8CC7DD009D7055 /* CoreFoundation.framework */,
				E45BE9770E8CC7DD009D7055 /* CoreServices.framework */,
				E45BE9790E8CC7DD009D7055 /* OpenGL.framework */,
				E45BE97A0E8CC7DD009D7055 /* QuickTime.framework */,
				E7E077E415D3B63C0020DFD4 /* CoreVideo.framework */,
				E7E077E715D3B6510020DFD4 /* QTKit.framework */,
			);
			name = "system frameworks";
			sourceTree = "<group>";
		};
		BBAB23CA13894EDB00AA2426 /* 3rd party frameworks */ = {
			isa = PBXGroup;
			children = (
				ADE13F571B6E5B8D00D2D844 /* openFrameworks.a */,
				BBAB23BE13894E4700AA2426 /* GLUT.framework */,
			);
			name = "3rd party frameworks";
			sourceTree = "<group>";
		};
		BD2F1A9F8D0C05EDB29122D0 /* src */ = {
			isa = PBXGroup;
			children = (
				AD3FBF46C5332FD82E67EECF /* ofxOsc.h */,
				E14503757DBF175AADFC36F3 /* ofxOscArg.h */,
				BBEE4A7D695655C0E93676C7 /* ofxOscBundle.cpp */,
				DD8C60E9B751AADF229B95B1 /* ofxOscBundle.h */,
				8BA34AA25A02577039D7D630 /* ofxOscMessage.cpp */,
				C22F3B72EA47556D86FD13C4 /* ofxOscMessage.h */,
				B7BA95C211BFD5953AC4E1EB /* ofxOscParameterSync.cpp */,
				4C552C0CA3D228129E86E3E4 /* ofxOscParameterSync.h */,
				71172F0C01D99EC7828A9227 /* ofxOscReceiver.cpp */,
				B25D12FC9C8DA0CCFCEC9080 /* ofxOscReceiver.h */,
				4DE21DB01437560E7BF5A1C4 /* ofxOscSender.cpp */,
				15973FECEFEC9810B5E5DF42 /* ofxOscSender.h */,
			);
			name = src;
			sourceTree = "<group>";
		};
		D27B2221A225CA523C019676 /* src */ = {
			isa = PBXGroup;
			children = (
				FF8CDF57858E9B94E3237115 /* ip */,
				30CB364908817057B430D528 /* osc */,
			);
			name = src;
			sourceTree = "<group>";
		};
		E4328144138ABC890047C5CB /* Products */ = {
			isa = PBXGroup;
			children = (
				E4328148138ABC890047C5CB /* openFrameworksDebug.a */,
			);
			name = Products;
			sourceTree = "<group>";
		};
		E45BE5980E8CC70C009D7055 /* frameworks */ = {
			isa = PBXGroup;
			children = (
				BBAB23CA13894EDB00AA2426 /* 3rd party frameworks */,
				BBAB23C913894ECA00AA2426 /* system frameworks */,
			);
			name = frameworks;
			sourceTree = "<group>";
		};
		E4B69B4A0A3A1720003C02F2 = {
			isa = PBXGroup;
			children = (
				E4B6FCAD0C3E899E008CF71C /* openFrameworks-Info.plist */,
				E4EB6923138AFD0F00A09F29 /* Project.xcconfig */,
				E4B69E1C0A3A1BDC003C02F2 /* src */,
				E4EEC9E9138DF44700A80321 /* openFrameworks */,
				BB4B014C10F69532006C3DED /* addons */,
				E45BE5980E8CC70C009D7055 /* frameworks */,
				E4B69B5B0A3A1756003C02F2 /* Kinect2OSCDebug.app */,
			);
			sourceTree = "<group>";
		};
		E4B69E1C0A3A1BDC003C02F2 /* src */ = {
			isa = PBXGroup;
			children = (
				E4B69E1D0A3A1BDC003C02F2 /* main.cpp */,
				E4B69E1E0A3A1BDC003C02F2 /* ofApp.cpp */,
				E4B69E1F0A3A1BDC003C02F2 /* ofApp.h */,
			);
			path = src;
			sourceTree = SOURCE_ROOT;
		};
		E4EEC9E9138DF44700A80321 /* openFrameworks */ = {
			isa = PBXGroup;
			children = (
				E4EB691F138AFCF100A09F29 /* CoreOF.xcconfig */,
				E4328143138ABC890047C5CB /* openFrameworksLib.xcodeproj */,
			);
			name = openFrameworks;
			sourceTree = "<group>";
		};
		E6053AB7FEC63D5F83825B88 /* ofxOsc */ = {
			isa = PBXGroup;
			children = (
				BD2F1A9F8D0C05EDB29122D0 /* src */,
				38871A5825686AE018EC2BF0 /* libs */,
			);
			name = ofxOsc;
			sourceTree = "<group>";
		};
		ED6E9BDB447DB965EE6F1FA6 /* src */ = {
			isa = PBXGroup;
			children = (
				EF0C83687E251FC89D9D32D4 /* audio.c */,
				9C537DE18F135D900460AE7A /* cameras.c */,
				2EA3D9C60D9CF94991767A5B /* cameras.h */,
				7A93780AA4B1AC49EAADC4DE /* core.c */,
				66FB325557B499412FDD0BC1 /* flags.c */,
				4B537320228265273A3CCEF9 /* flags.h */,
				FE63F6F54361BA2086DF3DCD /* freenect_internal.h */,
				29D5C56F7B8A70579771B295 /* keep_alive.c */,
				4DEE72B5564F41CA5071E568 /* keep_alive.h */,
				88514874FC17B52675C467B1 /* loader.c */,
				DCABEBA9A46E55B67A66BBC9 /* loader.h */,
				0E604D43C157691DC6296B6F /* registration.c */,
				63AC742BE288869716625243 /* registration.h */,
				89FF85FAD2F78E0A9FED5474 /* tilt.c */,
				18146761CAEFF71E5AD0417D /* usb_libusb10.c */,
				046483EA2E4EABBA22B0ED20 /* usb_libusb10.h */,
			);
			name = src;
			sourceTree = "<group>";
		};
		F3D2DB7201EFA9F7958F421E /* src */ = {
			isa = PBXGroup;
			children = (
				6E7134DE536888BE82D56327 /* extra */,
				706D4EA15D896A724A2D54BB /* ofxBase3DVideo.h */,
				0D74400762B269820917667D /* ofxKinect.cpp */,
				349A3456037BD28CD8707D03 /* ofxKinect.h */,
			);
			name = src;
			sourceTree = "<group>";
		};
		F4101FC676C210E28DCB3220 /* libs */ = {
			isa = PBXGroup;
			children = (
				32687044708CDA9EDA265387 /* libfreenect */,
				65726280742CD54BF368BDB8 /* libusb-1.0 */,
			);
			name = libs;
			sourceTree = "<group>";
		};
		FF8CDF57858E9B94E3237115 /* ip */ = {
			isa = PBXGroup;
			children = (
				E9A1CAE26EE54C07D51A864C /* IpEndpointName.cpp */,
				9E50E55F36A1979143C71D26 /* IpEndpointName.h */,
				763D6E165DD976F1CB57E0AF /* NetworkingUtils.h */,
				CA6E83137113C8830E368381 /* PacketListener.h */,
				641362CA659FAFEE4E81001B /* posix */,
				1D73169EE8E8EB7873F271E0 /* TimerListener.h */,
				89488911FF4C1B5EC6FC9EF3 /* UdpSocket.h */,
			);
			name = ip;
			sourceTree = "<group>";
		};
/* End PBXGroup section */

/* Begin PBXNativeTarget section */
		E4B69B5A0A3A1756003C02F2 /* Kinect2OSC */ = {
			isa = PBXNativeTarget;
			buildConfigurationList = E4B69B5F0A3A1757003C02F2 /* Build configuration list for PBXNativeTarget "Kinect2OSC" */;
			buildPhases = (
				E4B69B580A3A1756003C02F2 /* Sources */,
				E4B69B590A3A1756003C02F2 /* Frameworks */,
				E4B6FFFD0C3F9AB9008CF71C /* ShellScript */,
				E4C2427710CC5ABF004149E2 /* CopyFiles */,
			);
			buildRules = (
			);
			dependencies = (
				E4EEB9AC138B136A00A80321 /* PBXTargetDependency */,
			);
			name = Kinect2OSC;
			productName = myOFApp;
			productReference = E4B69B5B0A3A1756003C02F2 /* Kinect2OSCDebug.app */;
			productType = "com.apple.product-type.application";
		};
/* End PBXNativeTarget section */

/* Begin PBXProject section */
		E4B69B4C0A3A1720003C02F2 /* Project object */ = {
			isa = PBXProject;
			attributes = {
				LastUpgradeCheck = 0460;
			};
			buildConfigurationList = E4B69B4D0A3A1720003C02F2 /* Build configuration list for PBXProject "Kinect2OSC" */;
			compatibilityVersion = "Xcode 3.2";
			developmentRegion = English;
			hasScannedForEncodings = 0;
			knownRegions = (
				English,
				Japanese,
				French,
				German,
			);
			mainGroup = E4B69B4A0A3A1720003C02F2;
			productRefGroup = E4B69B4A0A3A1720003C02F2;
			projectDirPath = "";
			projectReferences = (
				{
					ProductGroup = E4328144138ABC890047C5CB /* Products */;
					ProjectRef = E4328143138ABC890047C5CB /* openFrameworksLib.xcodeproj */;
				},
			);
			projectRoot = "";
			targets = (
				E4B69B5A0A3A1756003C02F2 /* Kinect2OSC */,
			);
		};
/* End PBXProject section */

/* Begin PBXReferenceProxy section */
		E4328148138ABC890047C5CB /* openFrameworksDebug.a */ = {
			isa = PBXReferenceProxy;
			fileType = archive.ar;
			path = openFrameworksDebug.a;
			remoteRef = E4328147138ABC890047C5CB /* PBXContainerItemProxy */;
			sourceTree = BUILT_PRODUCTS_DIR;
		};
/* End PBXReferenceProxy section */

/* Begin PBXShellScriptBuildPhase section */
		E4B6FFFD0C3F9AB9008CF71C /* ShellScript */ = {
			isa = PBXShellScriptBuildPhase;
			buildActionMask = 2147483647;
			files = (
			);
			inputPaths = (
			);
			outputPaths = (
			);
			runOnlyForDeploymentPostprocessing = 0;
			shellPath = /bin/sh;
			shellScript = "cp -f /Users/Szymon/Documents/Code/Frameworks/openFrameworks/libs/fmodex/lib/osx/libfmodex.dylib \"$TARGET_BUILD_DIR/$PRODUCT_NAME.app/Contents/MacOS/libfmodex.dylib\"; install_name_tool -change ./libfmodex.dylib @executable_path/libfmodex.dylib \"$TARGET_BUILD_DIR/$PRODUCT_NAME.app/Contents/MacOS/$PRODUCT_NAME\";\nmkdir -p \"$TARGET_BUILD_DIR/$PRODUCT_NAME.app/Contents/Resources/\"\ncp -f \"$ICON_FILE\" \"$TARGET_BUILD_DIR/$PRODUCT_NAME.app/Contents/Resources/\"\n";
		};
/* End PBXShellScriptBuildPhase section */

/* Begin PBXSourcesBuildPhase section */
		E4B69B580A3A1756003C02F2 /* Sources */ = {
			isa = PBXSourcesBuildPhase;
			buildActionMask = 2147483647;
			files = (
				E4B69E200A3A1BDC003C02F2 /* main.cpp in Sources */,
				E4B69E210A3A1BDC003C02F2 /* ofApp.cpp in Sources */,
				82CF8B66D444937AA15A93E8 /* ofxKinectExtras.cpp in Sources */,
				FE21FDA5837A38BFD41A6CBA /* ofxKinect.cpp in Sources */,
				3B6FEC8F88B794C50BA1C0C8 /* audio.c in Sources */,
				EAB19CADC96BCF9BDC8FBBCF /* cameras.c in Sources */,
				4EC2A4F98CA941D7FCF4520C /* core.c in Sources */,
				664F399EC74F688FE484CFC2 /* flags.c in Sources */,
				5B576CA5FD2C7E542BB25B88 /* keep_alive.c in Sources */,
				2CEDF18CFB8E2AB19A6BB18D /* loader.c in Sources */,
				9C778A883E7A492AC65592CB /* registration.c in Sources */,
				DFD6463296C0242CF82B0A5F /* tilt.c in Sources */,
				8C64D1B198E6A54202FE7A6F /* usb_libusb10.c in Sources */,
				7B7926CEBD13F8C156290F35 /* ofxOscBundle.cpp in Sources */,
				59CD11A155C673E776ABD8C5 /* ofxOscMessage.cpp in Sources */,
				CF49720B45C5C5998105894E /* ofxOscParameterSync.cpp in Sources */,
				71962261148798B776399D23 /* ofxOscReceiver.cpp in Sources */,
				F1C35E59FC82DE2DC802E043 /* ofxOscSender.cpp in Sources */,
				9DABD668DD98F13E444E0A02 /* IpEndpointName.cpp in Sources */,
				9A2C9D5E1620376C0229D7BB /* NetworkingUtils.cpp in Sources */,
				B61B7585A34B8F30B02FB19B /* UdpSocket.cpp in Sources */,
				068BDE610E9BA91561B0E10B /* OscOutboundPacketStream.cpp in Sources */,
				420CA236723B88F018C68D73 /* OscPrintReceivedElements.cpp in Sources */,
				CACAB43BC1C2BF411D7CC079 /* OscReceivedElements.cpp in Sources */,
				D137DEE407C064B180986BA0 /* OscTypes.cpp in Sources */,
				B0477394A49F8E131191BA77 /* ofxXmlSettings.cpp in Sources */,
				4A4CA77E62986F48CD57C942 /* tinyxml.cpp in Sources */,
				18F73A2C56413A5F62F09672 /* tinyxmlerror.cpp in Sources */,
				B241C11DD797F7D2C8161DC4 /* tinyxmlparser.cpp in Sources */,
			);
			runOnlyForDeploymentPostprocessing = 0;
		};
/* End PBXSourcesBuildPhase section */

/* Begin PBXTargetDependency section */
		E4EEB9AC138B136A00A80321 /* PBXTargetDependency */ = {
			isa = PBXTargetDependency;
			name = openFrameworks;
			targetProxy = E4EEB9AB138B136A00A80321 /* PBXContainerItemProxy */;
		};
/* End PBXTargetDependency section */

/* Begin XCBuildConfiguration section */
		E4B69B4E0A3A1720003C02F2 /* Debug */ = {
			isa = XCBuildConfiguration;
			baseConfigurationReference = E4EB6923138AFD0F00A09F29 /* Project.xcconfig */;
			buildSettings = {
				ARCHS = "$(NATIVE_ARCH)";
				CLANG_CXX_LIBRARY = "libstdc++";
				CONFIGURATION_BUILD_DIR = "$(SRCROOT)/bin/";
				COPY_PHASE_STRIP = NO;
				DEAD_CODE_STRIPPING = YES;
				GCC_AUTO_VECTORIZATION = YES;
				GCC_ENABLE_SSE3_EXTENSIONS = YES;
				GCC_ENABLE_SUPPLEMENTAL_SSE3_INSTRUCTIONS = YES;
				GCC_INLINES_ARE_PRIVATE_EXTERN = NO;
				GCC_OPTIMIZATION_LEVEL = 0;
				GCC_SYMBOLS_PRIVATE_EXTERN = NO;
				GCC_WARN_ABOUT_DEPRECATED_FUNCTIONS = YES;
				GCC_WARN_ABOUT_INVALID_OFFSETOF_MACRO = NO;
				GCC_WARN_ALLOW_INCOMPLETE_PROTOCOL = NO;
				GCC_WARN_UNINITIALIZED_AUTOS = NO;
				GCC_WARN_UNUSED_VALUE = NO;
				GCC_WARN_UNUSED_VARIABLE = NO;
				HEADER_SEARCH_PATHS = (
					"$(OF_CORE_HEADERS)",
					/Users/Szymon/Documents/Code/Frameworks/openFrameworks/addons/ofxGui/libs,
					/Users/Szymon/Documents/Code/Frameworks/openFrameworks/addons/ofxGui/src,
					/Users/Szymon/Documents/Code/Frameworks/openFrameworks/addons/ofxKinect/libs,
					/Users/Szymon/Documents/Code/Frameworks/openFrameworks/addons/ofxKinect/libs/libfreenect,
					/Users/Szymon/Documents/Code/Frameworks/openFrameworks/addons/ofxKinect/libs/libfreenect/include,
					/Users/Szymon/Documents/Code/Frameworks/openFrameworks/addons/ofxKinect/libs/libfreenect/platform,
					/Users/Szymon/Documents/Code/Frameworks/openFrameworks/addons/ofxKinect/libs/libfreenect/src,
					"/Users/Szymon/Documents/Code/Frameworks/openFrameworks/addons/ofxKinect/libs/libusb-1.0",
					"/Users/Szymon/Documents/Code/Frameworks/openFrameworks/addons/ofxKinect/libs/libusb-1.0/include",
					"/Users/Szymon/Documents/Code/Frameworks/openFrameworks/addons/ofxKinect/libs/libusb-1.0/include/libusb-1.0",
					"/Users/Szymon/Documents/Code/Frameworks/openFrameworks/addons/ofxKinect/libs/libusb-1.0/lib",
					"/Users/Szymon/Documents/Code/Frameworks/openFrameworks/addons/ofxKinect/libs/libusb-1.0/lib/osx",
					"/Users/Szymon/Documents/Code/Frameworks/openFrameworks/addons/ofxKinect/libs/libusb-win32",
					/Users/Szymon/Documents/Code/Frameworks/openFrameworks/addons/ofxKinect/src,
					/Users/Szymon/Documents/Code/Frameworks/openFrameworks/addons/ofxKinect/src/extra,
					/Users/Szymon/Documents/Code/Frameworks/openFrameworks/addons/ofxOpenCv/libs,
					/Users/Szymon/Documents/Code/Frameworks/openFrameworks/addons/ofxOpenCv/libs/opencv,
					/Users/Szymon/Documents/Code/Frameworks/openFrameworks/addons/ofxOpenCv/libs/opencv/include,
					/Users/Szymon/Documents/Code/Frameworks/openFrameworks/addons/ofxOpenCv/libs/opencv/include/opencv,
					/Users/Szymon/Documents/Code/Frameworks/openFrameworks/addons/ofxOpenCv/libs/opencv/include/opencv2,
					/Users/Szymon/Documents/Code/Frameworks/openFrameworks/addons/ofxOpenCv/libs/opencv/include/opencv2/calib3d,
					/Users/Szymon/Documents/Code/Frameworks/openFrameworks/addons/ofxOpenCv/libs/opencv/include/opencv2/contrib,
					/Users/Szymon/Documents/Code/Frameworks/openFrameworks/addons/ofxOpenCv/libs/opencv/include/opencv2/core,
					/Users/Szymon/Documents/Code/Frameworks/openFrameworks/addons/ofxOpenCv/libs/opencv/include/opencv2/features2d,
					/Users/Szymon/Documents/Code/Frameworks/openFrameworks/addons/ofxOpenCv/libs/opencv/include/opencv2/flann,
					/Users/Szymon/Documents/Code/Frameworks/openFrameworks/addons/ofxOpenCv/libs/opencv/include/opencv2/gpu,
					/Users/Szymon/Documents/Code/Frameworks/openFrameworks/addons/ofxOpenCv/libs/opencv/include/opencv2/highgui,
					/Users/Szymon/Documents/Code/Frameworks/openFrameworks/addons/ofxOpenCv/libs/opencv/include/opencv2/imgproc,
					/Users/Szymon/Documents/Code/Frameworks/openFrameworks/addons/ofxOpenCv/libs/opencv/include/opencv2/legacy,
					/Users/Szymon/Documents/Code/Frameworks/openFrameworks/addons/ofxOpenCv/libs/opencv/include/opencv2/ml,
					/Users/Szymon/Documents/Code/Frameworks/openFrameworks/addons/ofxOpenCv/libs/opencv/include/opencv2/objdetect,
					/Users/Szymon/Documents/Code/Frameworks/openFrameworks/addons/ofxOpenCv/libs/opencv/include/opencv2/ts,
					/Users/Szymon/Documents/Code/Frameworks/openFrameworks/addons/ofxOpenCv/libs/opencv/include/opencv2/video,
					/Users/Szymon/Documents/Code/Frameworks/openFrameworks/addons/ofxOpenCv/libs/opencv/lib,
					/Users/Szymon/Documents/Code/Frameworks/openFrameworks/addons/ofxOpenCv/libs/opencv/lib/osx,
					/Users/Szymon/Documents/Code/Frameworks/openFrameworks/addons/ofxOpenCv/src,
					/Users/Szymon/Documents/Code/Frameworks/openFrameworks/addons/ofxOsc/libs,
					/Users/Szymon/Documents/Code/Frameworks/openFrameworks/addons/ofxOsc/libs/oscpack,
					/Users/Szymon/Documents/Code/Frameworks/openFrameworks/addons/ofxOsc/libs/oscpack/src,
					/Users/Szymon/Documents/Code/Frameworks/openFrameworks/addons/ofxOsc/libs/oscpack/src/ip,
					/Users/Szymon/Documents/Code/Frameworks/openFrameworks/addons/ofxOsc/libs/oscpack/src/ip/posix,
					/Users/Szymon/Documents/Code/Frameworks/openFrameworks/addons/ofxOsc/libs/oscpack/src/ip/win32,
					/Users/Szymon/Documents/Code/Frameworks/openFrameworks/addons/ofxOsc/libs/oscpack/src/osc,
					/Users/Szymon/Documents/Code/Frameworks/openFrameworks/addons/ofxOsc/src,
					/Users/Szymon/Documents/Code/Frameworks/openFrameworks/addons/ofxXmlSettings/libs,
					/Users/Szymon/Documents/Code/Frameworks/openFrameworks/addons/ofxXmlSettings/src,
					/Users/Szymon/Documents/Code/Frameworks/openFrameworks/addons/ofxCv/libs,
					/Users/Szymon/Documents/Code/Frameworks/openFrameworks/addons/ofxCv/libs/CLD,
					/Users/Szymon/Documents/Code/Frameworks/openFrameworks/addons/ofxCv/libs/CLD/include,
					/Users/Szymon/Documents/Code/Frameworks/openFrameworks/addons/ofxCv/libs/CLD/include/CLD,
					/Users/Szymon/Documents/Code/Frameworks/openFrameworks/addons/ofxCv/libs/CLD/src,
					/Users/Szymon/Documents/Code/Frameworks/openFrameworks/addons/ofxCv/libs/ofxCv,
					/Users/Szymon/Documents/Code/Frameworks/openFrameworks/addons/ofxCv/libs/ofxCv/include,
					/Users/Szymon/Documents/Code/Frameworks/openFrameworks/addons/ofxCv/libs/ofxCv/include/ofxCv,
					/Users/Szymon/Documents/Code/Frameworks/openFrameworks/addons/ofxCv/libs/ofxCv/src,
					/Users/Szymon/Documents/Code/Frameworks/openFrameworks/addons/ofxCv/src,
				);
				MACOSX_DEPLOYMENT_TARGET = 10.9;
				OF_PATH = /Users/Szymon/Documents/Code/Frameworks/openFrameworks;
				OTHER_CPLUSPLUSFLAGS = (
					"-D__MACOSX_CORE__",
					"-lpthread",
					"-mtune=native",
				);
				OTHER_LDFLAGS = (
					"$(OF_CORE_LIBS)",
					"/Users/Szymon/Documents/Code/Frameworks/openFrameworks/addons/ofxKinect/libs/libusb-1.0/lib/osx/usb-1.0.a",
					/Users/Szymon/Documents/Code/Frameworks/openFrameworks/addons/ofxOpenCv/libs/opencv/lib/osx/opencv.a,
				);
				SDKROOT = macosx;
			};
			name = Debug;
		};
		E4B69B4F0A3A1720003C02F2 /* Release */ = {
			isa = XCBuildConfiguration;
			baseConfigurationReference = E4EB6923138AFD0F00A09F29 /* Project.xcconfig */;
			buildSettings = {
				ARCHS = "$(NATIVE_ARCH)";
				CLANG_CXX_LIBRARY = "libstdc++";
				CONFIGURATION_BUILD_DIR = "$(SRCROOT)/bin/";
				COPY_PHASE_STRIP = YES;
				DEAD_CODE_STRIPPING = YES;
				GCC_AUTO_VECTORIZATION = YES;
				GCC_ENABLE_SSE3_EXTENSIONS = YES;
				GCC_ENABLE_SUPPLEMENTAL_SSE3_INSTRUCTIONS = YES;
				GCC_INLINES_ARE_PRIVATE_EXTERN = NO;
				GCC_OPTIMIZATION_LEVEL = 3;
				GCC_SYMBOLS_PRIVATE_EXTERN = NO;
				GCC_UNROLL_LOOPS = YES;
				GCC_WARN_ABOUT_DEPRECATED_FUNCTIONS = YES;
				GCC_WARN_ABOUT_INVALID_OFFSETOF_MACRO = NO;
				GCC_WARN_ALLOW_INCOMPLETE_PROTOCOL = NO;
				GCC_WARN_UNINITIALIZED_AUTOS = NO;
				GCC_WARN_UNUSED_VALUE = NO;
				GCC_WARN_UNUSED_VARIABLE = NO;
				HEADER_SEARCH_PATHS = (
					"$(OF_CORE_HEADERS)",
					/Users/Szymon/Documents/Code/Frameworks/openFrameworks/addons/ofxGui/libs,
					/Users/Szymon/Documents/Code/Frameworks/openFrameworks/addons/ofxGui/src,
					/Users/Szymon/Documents/Code/Frameworks/openFrameworks/addons/ofxKinect/libs,
					/Users/Szymon/Documents/Code/Frameworks/openFrameworks/addons/ofxKinect/libs/libfreenect,
					/Users/Szymon/Documents/Code/Frameworks/openFrameworks/addons/ofxKinect/libs/libfreenect/include,
					/Users/Szymon/Documents/Code/Frameworks/openFrameworks/addons/ofxKinect/libs/libfreenect/platform,
					/Users/Szymon/Documents/Code/Frameworks/openFrameworks/addons/ofxKinect/libs/libfreenect/src,
					"/Users/Szymon/Documents/Code/Frameworks/openFrameworks/addons/ofxKinect/libs/libusb-1.0",
					"/Users/Szymon/Documents/Code/Frameworks/openFrameworks/addons/ofxKinect/libs/libusb-1.0/include",
					"/Users/Szymon/Documents/Code/Frameworks/openFrameworks/addons/ofxKinect/libs/libusb-1.0/include/libusb-1.0",
					"/Users/Szymon/Documents/Code/Frameworks/openFrameworks/addons/ofxKinect/libs/libusb-1.0/lib",
					"/Users/Szymon/Documents/Code/Frameworks/openFrameworks/addons/ofxKinect/libs/libusb-1.0/lib/osx",
					"/Users/Szymon/Documents/Code/Frameworks/openFrameworks/addons/ofxKinect/libs/libusb-win32",
					/Users/Szymon/Documents/Code/Frameworks/openFrameworks/addons/ofxKinect/src,
					/Users/Szymon/Documents/Code/Frameworks/openFrameworks/addons/ofxKinect/src/extra,
					/Users/Szymon/Documents/Code/Frameworks/openFrameworks/addons/ofxOpenCv/libs,
					/Users/Szymon/Documents/Code/Frameworks/openFrameworks/addons/ofxOpenCv/libs/opencv,
					/Users/Szymon/Documents/Code/Frameworks/openFrameworks/addons/ofxOpenCv/libs/opencv/include,
					/Users/Szymon/Documents/Code/Frameworks/openFrameworks/addons/ofxOpenCv/libs/opencv/include/opencv,
					/Users/Szymon/Documents/Code/Frameworks/openFrameworks/addons/ofxOpenCv/libs/opencv/include/opencv2,
					/Users/Szymon/Documents/Code/Frameworks/openFrameworks/addons/ofxOpenCv/libs/opencv/include/opencv2/calib3d,
					/Users/Szymon/Documents/Code/Frameworks/openFrameworks/addons/ofxOpenCv/libs/opencv/include/opencv2/contrib,
					/Users/Szymon/Documents/Code/Frameworks/openFrameworks/addons/ofxOpenCv/libs/opencv/include/opencv2/core,
					/Users/Szymon/Documents/Code/Frameworks/openFrameworks/addons/ofxOpenCv/libs/opencv/include/opencv2/features2d,
					/Users/Szymon/Documents/Code/Frameworks/openFrameworks/addons/ofxOpenCv/libs/opencv/include/opencv2/flann,
					/Users/Szymon/Documents/Code/Frameworks/openFrameworks/addons/ofxOpenCv/libs/opencv/include/opencv2/gpu,
					/Users/Szymon/Documents/Code/Frameworks/openFrameworks/addons/ofxOpenCv/libs/opencv/include/opencv2/highgui,
					/Users/Szymon/Documents/Code/Frameworks/openFrameworks/addons/ofxOpenCv/libs/opencv/include/opencv2/imgproc,
					/Users/Szymon/Documents/Code/Frameworks/openFrameworks/addons/ofxOpenCv/libs/opencv/include/opencv2/legacy,
					/Users/Szymon/Documents/Code/Frameworks/openFrameworks/addons/ofxOpenCv/libs/opencv/include/opencv2/ml,
					/Users/Szymon/Documents/Code/Frameworks/openFrameworks/addons/ofxOpenCv/libs/opencv/include/opencv2/objdetect,
					/Users/Szymon/Documents/Code/Frameworks/openFrameworks/addons/ofxOpenCv/libs/opencv/include/opencv2/ts,
					/Users/Szymon/Documents/Code/Frameworks/openFrameworks/addons/ofxOpenCv/libs/opencv/include/opencv2/video,
					/Users/Szymon/Documents/Code/Frameworks/openFrameworks/addons/ofxOpenCv/libs/opencv/lib,
					/Users/Szymon/Documents/Code/Frameworks/openFrameworks/addons/ofxOpenCv/libs/opencv/lib/osx,
					/Users/Szymon/Documents/Code/Frameworks/openFrameworks/addons/ofxOpenCv/src,
					/Users/Szymon/Documents/Code/Frameworks/openFrameworks/addons/ofxOsc/libs,
					/Users/Szymon/Documents/Code/Frameworks/openFrameworks/addons/ofxOsc/libs/oscpack,
					/Users/Szymon/Documents/Code/Frameworks/openFrameworks/addons/ofxOsc/libs/oscpack/src,
					/Users/Szymon/Documents/Code/Frameworks/openFrameworks/addons/ofxOsc/libs/oscpack/src/ip,
					/Users/Szymon/Documents/Code/Frameworks/openFrameworks/addons/ofxOsc/libs/oscpack/src/ip/posix,
					/Users/Szymon/Documents/Code/Frameworks/openFrameworks/addons/ofxOsc/libs/oscpack/src/ip/win32,
					/Users/Szymon/Documents/Code/Frameworks/openFrameworks/addons/ofxOsc/libs/oscpack/src/osc,
					/Users/Szymon/Documents/Code/Frameworks/openFrameworks/addons/ofxOsc/src,
					/Users/Szymon/Documents/Code/Frameworks/openFrameworks/addons/ofxXmlSettings/libs,
					/Users/Szymon/Documents/Code/Frameworks/openFrameworks/addons/ofxXmlSettings/src,
					/Users/Szymon/Documents/Code/Frameworks/openFrameworks/addons/ofxCv/libs,
					/Users/Szymon/Documents/Code/Frameworks/openFrameworks/addons/ofxCv/libs/CLD,
					/Users/Szymon/Documents/Code/Frameworks/openFrameworks/addons/ofxCv/libs/CLD/include,
					/Users/Szymon/Documents/Code/Frameworks/openFrameworks/addons/ofxCv/libs/CLD/include/CLD,
					/Users/Szymon/Documents/Code/Frameworks/openFrameworks/addons/ofxCv/libs/CLD/src,
					/Users/Szymon/Documents/Code/Frameworks/openFrameworks/addons/ofxCv/libs/ofxCv,
					/Users/Szymon/Documents/Code/Frameworks/openFrameworks/addons/ofxCv/libs/ofxCv/include,
					/Users/Szymon/Documents/Code/Frameworks/openFrameworks/addons/ofxCv/libs/ofxCv/include/ofxCv,
					/Users/Szymon/Documents/Code/Frameworks/openFrameworks/addons/ofxCv/libs/ofxCv/src,
					/Users/Szymon/Documents/Code/Frameworks/openFrameworks/addons/ofxCv/src,
				);
				MACOSX_DEPLOYMENT_TARGET = 10.9;
				OF_PATH = /Users/Szymon/Documents/Code/Frameworks/openFrameworks;
				OTHER_CPLUSPLUSFLAGS = (
					"-D__MACOSX_CORE__",
					"-lpthread",
					"-mtune=native",
				);
				OTHER_LDFLAGS = (
					"$(OF_CORE_LIBS)",
					"/Users/Szymon/Documents/Code/Frameworks/openFrameworks/addons/ofxKinect/libs/libusb-1.0/lib/osx/usb-1.0.a",
					/Users/Szymon/Documents/Code/Frameworks/openFrameworks/addons/ofxOpenCv/libs/opencv/lib/osx/opencv.a,
				);
				SDKROOT = macosx;
			};
			name = Release;
		};
		E4B69B600A3A1757003C02F2 /* Debug */ = {
			isa = XCBuildConfiguration;
			buildSettings = {
				COMBINE_HIDPI_IMAGES = YES;
				COPY_PHASE_STRIP = NO;
				FRAMEWORK_SEARCH_PATHS = (
					"$(inherited)",
					"$(FRAMEWORK_SEARCH_PATHS_QUOTED_FOR_TARGET_1)",
				);
				FRAMEWORK_SEARCH_PATHS_QUOTED_FOR_TARGET_1 = "\"/Users/Szymon/Documents/Code/Frameworks/openFrameworks/libs/glut/lib/osx\"";
				GCC_DYNAMIC_NO_PIC = NO;
				GCC_GENERATE_DEBUGGING_SYMBOLS = YES;
				GCC_MODEL_TUNING = NONE;
				ICON = "$(ICON_NAME_DEBUG)";
				ICON_FILE = "$(ICON_FILE_PATH)$(ICON)";
				INFOPLIST_FILE = "openFrameworks-Info.plist";
				INSTALL_PATH = "$(HOME)/Applications";
				LIBRARY_SEARCH_PATHS = (
					"$(inherited)",
					/Users/Szymon/Documents/Code/Frameworks/openFrameworks,
					OSX/libs/openFrameworksCompiled/lib/osx,
				);
				MACOSX_DEPLOYMENT_TARGET = 10.7;
				PRODUCT_NAME = Kinect2OSCDebug;
				WRAPPER_EXTENSION = app;
			};
			name = Debug;
		};
		E4B69B610A3A1757003C02F2 /* Release */ = {
			isa = XCBuildConfiguration;
			buildSettings = {
				COMBINE_HIDPI_IMAGES = YES;
				COPY_PHASE_STRIP = YES;
				FRAMEWORK_SEARCH_PATHS = (
					"$(inherited)",
					"$(FRAMEWORK_SEARCH_PATHS_QUOTED_FOR_TARGET_1)",
				);
				FRAMEWORK_SEARCH_PATHS_QUOTED_FOR_TARGET_1 = "\"/Users/Szymon/Documents/Code/Frameworks/openFrameworks/libs/glut/lib/osx\"";
				GCC_GENERATE_DEBUGGING_SYMBOLS = YES;
				GCC_MODEL_TUNING = NONE;
				ICON = "$(ICON_NAME_RELEASE)";
				ICON_FILE = "$(ICON_FILE_PATH)$(ICON)";
				INFOPLIST_FILE = "openFrameworks-Info.plist";
				INSTALL_PATH = "$(HOME)/Applications";
				LIBRARY_SEARCH_PATHS = (
					"$(inherited)",
					/Users/Szymon/Documents/Code/Frameworks/openFrameworks,
					OSX/libs/openFrameworksCompiled/lib/osx,
				);
				MACOSX_DEPLOYMENT_TARGET = 10.7;
				PRODUCT_NAME = Kinect2OSC;
				WRAPPER_EXTENSION = app;
			};
			name = Release;
		};
/* End XCBuildConfiguration section */

/* Begin XCConfigurationList section */
		E4B69B4D0A3A1720003C02F2 /* Build configuration list for PBXProject "Kinect2OSC" */ = {
			isa = XCConfigurationList;
			buildConfigurations = (
				E4B69B4E0A3A1720003C02F2 /* Debug */,
				E4B69B4F0A3A1720003C02F2 /* Release */,
			);
			defaultConfigurationIsVisible = 0;
			defaultConfigurationName = Release;
		};
		E4B69B5F0A3A1757003C02F2 /* Build configuration list for PBXNativeTarget "Kinect2OSC" */ = {
			isa = XCConfigurationList;
			buildConfigurations = (
				E4B69B600A3A1757003C02F2 /* Debug */,
				E4B69B610A3A1757003C02F2 /* Release */,
			);
			defaultConfigurationIsVisible = 0;
			defaultConfigurationName = Release;
		};
/* End XCConfigurationList section */
	};
	rootObject = E4B69B4C0A3A1720003C02F2 /* Project object */;
}
